
Microsoft Visual Studio Solution File, Format Version 12.00
# Visual Studio Version 17
VisualStudioVersion = 17.10.35004.147
MinimumVisualStudioVersion = 10.0.40219.1
Project("{FAE04EC0-301F-11D3-BF4B-00C04F79EFBC}") = "CSharp------TinhDaySo", "CSharp------TinhDaySo.csproj", "{519218B9-0CB0-47CA-AAEC-7175F56AE202}"
EndProject
Global
	GlobalSection(SolutionConfigurationPlatforms) = preSolution
		Debug|Any CPU = Debug|Any CPU
		Release|Any CPU = Release|Any CPU
	EndGlobalSection
	GlobalSection(ProjectConfigurationPlatforms) = postSolution
		{519218B9-0CB0-47CA-AAEC-7175F56AE202}.Debug|Any CPU.ActiveCfg = Debug|Any CPU
		{519218B9-0CB0-47CA-AAEC-7175F56AE202}.Debug|Any CPU.Build.0 = Debug|Any CPU
		{519218B9-0CB0-47CA-AAEC-7175F56AE202}.Release|Any CPU.ActiveCfg = Release|Any CPU
		{519218B9-0CB0-47CA-AAEC-7175F56AE202}.Release|Any CPU.Build.0 = Release|Any CPU
	EndGlobalSection
	GlobalSection(SolutionProperties) = preSolution
		HideSolutionNode = FALSE
	EndGlobalSection
	GlobalSection(ExtensibilityGlobals) = postSolution
		SolutionGuid = {EF66AFED-A3A2-4600-B551-40A26D2B5D11}
	EndGlobalSection
EndGlobal
